
Microsoft Visual Studio Solution File, Format Version 12.00
# Visual Studio Version 17
VisualStudioVersion = 17.7.34202.233
MinimumVisualStudioVersion = 10.0.40219.1
Project("{FAE04EC0-301F-11D3-BF4B-00C04F79EFBC}") = "ExcelToWordTest", "ExcelToWordTest\ExcelToWordTest.csproj", "{BAED8802-9A07-449A-AE17-B905841452CF}"
EndProject
Global
	GlobalSection(SolutionConfigurationPlatforms) = preSolution
		Debug|Any CPU = Debug|Any CPU
		Release|Any CPU = Release|Any CPU
	EndGlobalSection
	GlobalSection(ProjectConfigurationPlatforms) = postSolution
		{BAED8802-9A07-449A-AE17-B905841452CF}.Debug|Any CPU.ActiveCfg = Debug|Any CPU
		{BAED8802-9A07-449A-AE17-B905841452CF}.Debug|Any CPU.Build.0 = Debug|Any CPU
		{BAED8802-9A07-449A-AE17-B905841452CF}.Release|Any CPU.ActiveCfg = Release|Any CPU
		{BAED8802-9A07-449A-AE17-B905841452CF}.Release|Any CPU.Build.0 = Release|Any CPU
	EndGlobalSection
	GlobalSection(SolutionProperties) = preSolution
		HideSolutionNode = FALSE
	EndGlobalSection
	GlobalSection(ExtensibilityGlobals) = postSolution
		SolutionGuid = {26FEFD44-837E-47B9-AF31-2EEFA44803AC}
	EndGlobalSection
EndGlobal
